
Microsoft Visual Studio Solution File, Format Version 12.00
# Visual Studio Version 16
VisualStudioVersion = 16.0.29926.136
MinimumVisualStudioVersion = 10.0.40219.1
Project("{8BC9CEB8-8B4A-11D0-8D11-00A0C91BC942}") = "Cpp_DesignPatterns_DI", "Cpp_DesignPatterns_DI\Cpp_DesignPatterns_DI.vcxproj", "{0C81C343-6678-48B3-AD7A-35F23CC6475E}"
EndProject
Global
	GlobalSection(SolutionConfigurationPlatforms) = preSolution
		Debug|x64 = Debug|x64
		Debug|x86 = Debug|x86
		Release|x64 = Release|x64
		Release|x86 = Release|x86
	EndGlobalSection
	GlobalSection(ProjectConfigurationPlatforms) = postSolution
		{0C81C343-6678-48B3-AD7A-35F23CC6475E}.Debug|x64.ActiveCfg = Debug|x64
		{0C81C343-6678-48B3-AD7A-35F23CC6475E}.Debug|x64.Build.0 = Debug|x64
		{0C81C343-6678-48B3-AD7A-35F23CC6475E}.Debug|x86.ActiveCfg = Debug|Win32
		{0C81C343-6678-48B3-AD7A-35F23CC6475E}.Debug|x86.Build.0 = Debug|Win32
		{0C81C343-6678-48B3-AD7A-35F23CC6475E}.Release|x64.ActiveCfg = Release|x64
		{0C81C343-6678-48B3-AD7A-35F23CC6475E}.Release|x64.Build.0 = Release|x64
		{0C81C343-6678-48B3-AD7A-35F23CC6475E}.Release|x86.ActiveCfg = Release|Win32
		{0C81C343-6678-48B3-AD7A-35F23CC6475E}.Release|x86.Build.0 = Release|Win32
	EndGlobalSection
	GlobalSection(SolutionProperties) = preSolution
		HideSolutionNode = FALSE
	EndGlobalSection
	GlobalSection(ExtensibilityGlobals) = postSolution
		SolutionGuid = {D386686F-0C3D-4CBE-9198-1CF9404AE7F3}
	EndGlobalSection
EndGlobal
