<?xml version="1.0" encoding="utf-8"?>
<Project ToolsVersion="4.0" xmlns="http://schemas.microsoft.com/developer/msbuild/2003">
  <ItemGroup>
    <Filter Include="Source Files">
      <UniqueIdentifier>{4FC737F1-C7A5-4376-A066-2A32D752A2FF}</UniqueIdentifier>
      <Extensions>cpp;c;cc;cxx;c++;def;odl;idl;hpj;bat;asm;asmx</Extensions>
    </Filter>
    <Filter Include="Header Files">
      <UniqueIdentifier>{93995380-89BD-4b04-88EB-625FBE52EBFB}</UniqueIdentifier>
      <Extensions>h;hh;hpp;hxx;h++;hm;inl;inc;ipp;xsd</Extensions>
    </Filter>
    <Filter Include="Resource Files">
      <UniqueIdentifier>{67DA6AB6-F800-4c08-8B7A-83BB121AAD01}</UniqueIdentifier>
      <Extensions>rc;ico;cur;bmp;dlg;rc2;rct;bin;rgs;gif;jpg;jpeg;jpe;resx;tiff;tif;png;wav;mfcribbon-ms</Extensions>
    </Filter>
    <Filter Include="Source Files\Hypodermic">
      <UniqueIdentifier>{9d41a569-0123-455a-8940-8076550468f5}</UniqueIdentifier>
    </Filter>
    <Filter Include="Source Files\BasicSamples">
      <UniqueIdentifier>{82419b3e-b6be-427b-8201-2147fbb70795}</UniqueIdentifier>
    </Filter>
  </ItemGroup>
  <ItemGroup>
    <None Include="..\Readme.md" />
    <None Include="..\Resources\Readme_01_Overview.md">
      <Filter>Resource Files</Filter>
    </None>
    <None Include="..\Resources\dp_di_01_principles.svg">
      <Filter>Resource Files</Filter>
    </None>
    <None Include="..\Resources\dp_di_02_n_tier_architecture.svg">
      <Filter>Resource Files</Filter>
    </None>
    <None Include="..\Resources\dp_di_03_ioc_and_patterns.svg">
      <Filter>Resource Files</Filter>
    </None>
    <None Include="..\Resources\Readme_05_Hypodermic.md">
      <Filter>Resource Files</Filter>
    </None>
    <None Include="..\Resources\Readme_04_DI_Basics.md">
      <Filter>Resource Files</Filter>
    </None>
    <None Include="..\Resources\Readme_02_Basics_01_IoC.md">
      <Filter>Resource Files</Filter>
    </None>
    <None Include="..\Resources\Readme_03_Basics_02_DIP.md">
      <Filter>Resource Files</Filter>
    </None>
  </ItemGroup>
  <ItemGroup>
    <Image Include="..\Resources\DI_Comic.png">
      <Filter>Resource Files</Filter>
    </Image>
  </ItemGroup>
  <ItemGroup>
    <ClCompile Include="..\Hypodermic\Source.cpp">
      <Filter>Source Files\Hypodermic</Filter>
    </ClCompile>
    <ClCompile Include="..\Hypodermic\Source1.cpp">
      <Filter>Source Files\Hypodermic</Filter>
    </ClCompile>
    <ClCompile Include="..\Hypodermic\Source2.cpp">
      <Filter>Source Files\Hypodermic</Filter>
    </ClCompile>
    <ClCompile Include="..\Hypodermic\Source3.cpp">
      <Filter>Source Files\Hypodermic</Filter>
    </ClCompile>
    <ClCompile Include="..\Hypodermic\Source4.cpp">
      <Filter>Source Files\Hypodermic</Filter>
    </ClCompile>
    <ClCompile Include="..\Hypodermic\Source5.cpp">
      <Filter>Source Files\Hypodermic</Filter>
    </ClCompile>
    <ClCompile Include="..\Hypodermic\Source6.cpp">
      <Filter>Source Files\Hypodermic</Filter>
    </ClCompile>
    <ClCompile Include="..\Hypodermic\Source7.cpp">
      <Filter>Source Files\Hypodermic</Filter>
    </ClCompile>
    <ClCompile Include="..\BasicSamples\BasicSample.cpp">
      <Filter>Source Files\BasicSamples</Filter>
    </ClCompile>
    <ClCompile Include="..\Program.cpp">
      <Filter>Source Files</Filter>
    </ClCompile>
  </ItemGroup>
</Project>